
Microsoft Visual Studio Solution File, Format Version 12.00
# Visual Studio 15
VisualStudioVersion = 15.0.26430.12
MinimumVisualStudioVersion = 10.0.40219.1
Project("{FAE04EC0-301F-11D3-BF4B-00C04F79EFBC}") = "Ezra", "Ezra\Ezra\Ezra.csproj", "{DE9ABD33-04F8-47D8-A0B9-F89A3E3547D3}"
EndProject
Project("{FAE04EC0-301F-11D3-BF4B-00C04F79EFBC}") = "Ezra.Droid", "Ezra\Ezra.Droid\Ezra.Droid.csproj", "{4552E2AD-14F7-461F-AF68-5F4A6C59D4BB}"
EndProject
Project("{FAE04EC0-301F-11D3-BF4B-00C04F79EFBC}") = "Ezra.iOS", "Ezra\Ezra.iOS\Ezra.iOS.csproj", "{3FB659F1-EE70-4412-843D-02196673E145}"
EndProject
Project("{FAE04EC0-301F-11D3-BF4B-00C04F79EFBC}") = "Ezra.UWP", "Ezra\Ezra.UWP\Ezra.UWP.csproj", "{3A3D48FD-1F09-409F-82D5-D9431C174166}"
EndProject
Global
	GlobalSection(SolutionConfigurationPlatforms) = preSolution
		Ad-Hoc|Any CPU = Ad-Hoc|Any CPU
		Ad-Hoc|ARM = Ad-Hoc|ARM
		Ad-Hoc|iPhone = Ad-Hoc|iPhone
		Ad-Hoc|iPhoneSimulator = Ad-Hoc|iPhoneSimulator
		Ad-Hoc|x64 = Ad-Hoc|x64
		Ad-Hoc|x86 = Ad-Hoc|x86
		AppStore|Any CPU = AppStore|Any CPU
		AppStore|ARM = AppStore|ARM
		AppStore|iPhone = AppStore|iPhone
		AppStore|iPhoneSimulator = AppStore|iPhoneSimulator
		AppStore|x64 = AppStore|x64
		AppStore|x86 = AppStore|x86
		Debug|Any CPU = Debug|Any CPU
		Debug|ARM = Debug|ARM
		Debug|iPhone = Debug|iPhone
		Debug|iPhoneSimulator = Debug|iPhoneSimulator
		Debug|x64 = Debug|x64
		Debug|x86 = Debug|x86
		Release|Any CPU = Release|Any CPU
		Release|ARM = Release|ARM
		Release|iPhone = Release|iPhone
		Release|iPhoneSimulator = Release|iPhoneSimulator
		Release|x64 = Release|x64
		Release|x86 = Release|x86
	EndGlobalSection
	GlobalSection(ProjectConfigurationPlatforms) = postSolution
		{DE9ABD33-04F8-47D8-A0B9-F89A3E3547D3}.Ad-Hoc|Any CPU.ActiveCfg = Release|Any CPU
		{DE9ABD33-04F8-47D8-A0B9-F89A3E3547D3}.Ad-Hoc|Any CPU.Build.0 = Release|Any CPU
		{DE9ABD33-04F8-47D8-A0B9-F89A3E3547D3}.Ad-Hoc|ARM.ActiveCfg = Release|Any CPU
		{DE9ABD33-04F8-47D8-A0B9-F89A3E3547D3}.Ad-Hoc|ARM.Build.0 = Release|Any CPU
		{DE9ABD33-04F8-47D8-A0B9-F89A3E3547D3}.Ad-Hoc|iPhone.ActiveCfg = Release|Any CPU
		{DE9ABD33-04F8-47D8-A0B9-F89A3E3547D3}.Ad-Hoc|iPhone.Build.0 = Release|Any CPU
		{DE9ABD33-04F8-47D8-A0B9-F89A3E3547D3}.Ad-Hoc|iPhoneSimulator.ActiveCfg = Release|Any CPU
		{DE9ABD33-04F8-47D8-A0B9-F89A3E3547D3}.Ad-Hoc|iPhoneSimulator.Build.0 = Release|Any CPU
		{DE9ABD33-04F8-47D8-A0B9-F89A3E3547D3}.Ad-Hoc|x64.ActiveCfg = Release|Any CPU
		{DE9ABD33-04F8-47D8-A0B9-F89A3E3547D3}.Ad-Hoc|x64.Build.0 = Release|Any CPU
		{DE9ABD33-04F8-47D8-A0B9-F89A3E3547D3}.Ad-Hoc|x86.ActiveCfg = Release|Any CPU
		{DE9ABD33-04F8-47D8-A0B9-F89A3E3547D3}.Ad-Hoc|x86.Build.0 = Release|Any CPU
		{DE9ABD33-04F8-47D8-A0B9-F89A3E3547D3}.AppStore|Any CPU.ActiveCfg = Release|Any CPU
		{DE9ABD33-04F8-47D8-A0B9-F89A3E3547D3}.AppStore|Any CPU.Build.0 = Release|Any CPU
		{DE9ABD33-04F8-47D8-A0B9-F89A3E3547D3}.AppStore|ARM.ActiveCfg = Release|Any CPU
		{DE9ABD33-04F8-47D8-A0B9-F89A3E3547D3}.AppStore|ARM.Build.0 = Release|Any CPU
		{DE9ABD33-04F8-47D8-A0B9-F89A3E3547D3}.AppStore|iPhone.ActiveCfg = Release|Any CPU
		{DE9ABD33-04F8-47D8-A0B9-F89A3E3547D3}.AppStore|iPhone.Build.0 = Release|Any CPU
		{DE9ABD33-04F8-47D8-A0B9-F89A3E3547D3}.AppStore|iPhoneSimulator.ActiveCfg = Release|Any CPU
		{DE9ABD33-04F8-47D8-A0B9-F89A3E3547D3}.AppStore|iPhoneSimulator.Build.0 = Release|Any CPU
		{DE9ABD33-04F8-47D8-A0B9-F89A3E3547D3}.AppStore|x64.ActiveCfg = Release|Any CPU
		{DE9ABD33-04F8-47D8-A0B9-F89A3E3547D3}.AppStore|x64.Build.0 = Release|Any CPU
		{DE9ABD33-04F8-47D8-A0B9-F89A3E3547D3}.AppStore|x86.ActiveCfg = Release|Any CPU
		{DE9ABD33-04F8-47D8-A0B9-F89A3E3547D3}.AppStore|x86.Build.0 = Release|Any CPU
		{DE9ABD33-04F8-47D8-A0B9-F89A3E3547D3}.Debug|Any CPU.ActiveCfg = Debug|Any CPU
		{DE9ABD33-04F8-47D8-A0B9-F89A3E3547D3}.Debug|Any CPU.Build.0 = Debug|Any CPU
		{DE9ABD33-04F8-47D8-A0B9-F89A3E3547D3}.Debug|ARM.ActiveCfg = Debug|Any CPU
		{DE9ABD33-04F8-47D8-A0B9-F89A3E3547D3}.Debug|ARM.Build.0 = Debug|Any CPU
		{DE9ABD33-04F8-47D8-A0B9-F89A3E3547D3}.Debug|iPhone.ActiveCfg = Debug|Any CPU
		{DE9ABD33-04F8-47D8-A0B9-F89A3E3547D3}.Debug|iPhone.Build.0 = Debug|Any CPU
		{DE9ABD33-04F8-47D8-A0B9-F89A3E3547D3}.Debug|iPhoneSimulator.ActiveCfg = Debug|Any CPU
		{DE9ABD33-04F8-47D8-A0B9-F89A3E3547D3}.Debug|iPhoneSimulator.Build.0 = Debug|Any CPU
		{DE9ABD33-04F8-47D8-A0B9-F89A3E3547D3}.Debug|x64.ActiveCfg = Debug|Any CPU
		{DE9ABD33-04F8-47D8-A0B9-F89A3E3547D3}.Debug|x64.Build.0 = Debug|Any CPU
		{DE9ABD33-04F8-47D8-A0B9-F89A3E3547D3}.Debug|x86.ActiveCfg = Debug|Any CPU
		{DE9ABD33-04F8-47D8-A0B9-F89A3E3547D3}.Debug|x86.Build.0 = Debug|Any CPU
		{DE9ABD33-04F8-47D8-A0B9-F89A3E3547D3}.Release|Any CPU.ActiveCfg = Release|Any CPU
		{DE9ABD33-04F8-47D8-A0B9-F89A3E3547D3}.Release|Any CPU.Build.0 = Release|Any CPU
		{DE9ABD33-04F8-47D8-A0B9-F89A3E3547D3}.Release|ARM.ActiveCfg = Release|Any CPU
		{DE9ABD33-04F8-47D8-A0B9-F89A3E3547D3}.Release|ARM.Build.0 = Release|Any CPU
		{DE9ABD33-04F8-47D8-A0B9-F89A3E3547D3}.Release|iPhone.ActiveCfg = Release|Any CPU
		{DE9ABD33-04F8-47D8-A0B9-F89A3E3547D3}.Release|iPhone.Build.0 = Release|Any CPU
		{DE9ABD33-04F8-47D8-A0B9-F89A3E3547D3}.Release|iPhoneSimulator.ActiveCfg = Release|Any CPU
		{DE9ABD33-04F8-47D8-A0B9-F89A3E3547D3}.Release|iPhoneSimulator.Build.0 = Release|Any CPU
		{DE9ABD33-04F8-47D8-A0B9-F89A3E3547D3}.Release|x64.ActiveCfg = Release|Any CPU
		{DE9ABD33-04F8-47D8-A0B9-F89A3E3547D3}.Release|x64.Build.0 = Release|Any CPU
		{DE9ABD33-04F8-47D8-A0B9-F89A3E3547D3}.Release|x86.ActiveCfg = Release|Any CPU
		{DE9ABD33-04F8-47D8-A0B9-F89A3E3547D3}.Release|x86.Build.0 = Release|Any CPU
		{4552E2AD-14F7-461F-AF68-5F4A6C59D4BB}.Ad-Hoc|Any CPU.ActiveCfg = Release|Any CPU
		{4552E2AD-14F7-461F-AF68-5F4A6C59D4BB}.Ad-Hoc|Any CPU.Build.0 = Release|Any CPU
		{4552E2AD-14F7-461F-AF68-5F4A6C59D4BB}.Ad-Hoc|Any CPU.Deploy.0 = Release|Any CPU
		{4552E2AD-14F7-461F-AF68-5F4A6C59D4BB}.Ad-Hoc|ARM.ActiveCfg = Release|Any CPU
		{4552E2AD-14F7-461F-AF68-5F4A6C59D4BB}.Ad-Hoc|ARM.Build.0 = Release|Any CPU
		{4552E2AD-14F7-461F-AF68-5F4A6C59D4BB}.Ad-Hoc|ARM.Deploy.0 = Release|Any CPU
		{4552E2AD-14F7-461F-AF68-5F4A6C59D4BB}.Ad-Hoc|iPhone.ActiveCfg = Release|Any CPU
		{4552E2AD-14F7-461F-AF68-5F4A6C59D4BB}.Ad-Hoc|iPhone.Build.0 = Release|Any CPU
		{4552E2AD-14F7-461F-AF68-5F4A6C59D4BB}.Ad-Hoc|iPhone.Deploy.0 = Release|Any CPU
		{4552E2AD-14F7-461F-AF68-5F4A6C59D4BB}.Ad-Hoc|iPhoneSimulator.ActiveCfg = Release|Any CPU
		{4552E2AD-14F7-461F-AF68-5F4A6C59D4BB}.Ad-Hoc|iPhoneSimulator.Build.0 = Release|Any CPU
		{4552E2AD-14F7-461F-AF68-5F4A6C59D4BB}.Ad-Hoc|iPhoneSimulator.Deploy.0 = Release|Any CPU
		{4552E2AD-14F7-461F-AF68-5F4A6C59D4BB}.Ad-Hoc|x64.ActiveCfg = Release|Any CPU
		{4552E2AD-14F7-461F-AF68-5F4A6C59D4BB}.Ad-Hoc|x64.Build.0 = Release|Any CPU
		{4552E2AD-14F7-461F-AF68-5F4A6C59D4BB}.Ad-Hoc|x64.Deploy.0 = Release|Any CPU
		{4552E2AD-14F7-461F-AF68-5F4A6C59D4BB}.Ad-Hoc|x86.ActiveCfg = Release|Any CPU
		{4552E2AD-14F7-461F-AF68-5F4A6C59D4BB}.Ad-Hoc|x86.Build.0 = Release|Any CPU
		{4552E2AD-14F7-461F-AF68-5F4A6C59D4BB}.Ad-Hoc|x86.Deploy.0 = Release|Any CPU
		{4552E2AD-14F7-461F-AF68-5F4A6C59D4BB}.AppStore|Any CPU.ActiveCfg = Release|Any CPU
		{4552E2AD-14F7-461F-AF68-5F4A6C59D4BB}.AppStore|Any CPU.Build.0 = Release|Any CPU
		{4552E2AD-14F7-461F-AF68-5F4A6C59D4BB}.AppStore|Any CPU.Deploy.0 = Release|Any CPU
		{4552E2AD-14F7-461F-AF68-5F4A6C59D4BB}.AppStore|ARM.ActiveCfg = Release|Any CPU
		{4552E2AD-14F7-461F-AF68-5F4A6C59D4BB}.AppStore|ARM.Build.0 = Release|Any CPU
		{4552E2AD-14F7-461F-AF68-5F4A6C59D4BB}.AppStore|ARM.Deploy.0 = Release|Any CPU
		{4552E2AD-14F7-461F-AF68-5F4A6C59D4BB}.AppStore|iPhone.ActiveCfg = Release|Any CPU
		{4552E2AD-14F7-461F-AF68-5F4A6C59D4BB}.AppStore|iPhone.Build.0 = Release|Any CPU
		{4552E2AD-14F7-461F-AF68-5F4A6C59D4BB}.AppStore|iPhone.Deploy.0 = Release|Any CPU
		{4552E2AD-14F7-461F-AF68-5F4A6C59D4BB}.AppStore|iPhoneSimulator.ActiveCfg = Release|Any CPU
		{4552E2AD-14F7-461F-AF68-5F4A6C59D4BB}.AppStore|iPhoneSimulator.Build.0 = Release|Any CPU
		{4552E2AD-14F7-461F-AF68-5F4A6C59D4BB}.AppStore|iPhoneSimulator.Deploy.0 = Release|Any CPU
		{4552E2AD-14F7-461F-AF68-5F4A6C59D4BB}.AppStore|x64.ActiveCfg = Release|Any CPU
		{4552E2AD-14F7-461F-AF68-5F4A6C59D4BB}.AppStore|x64.Build.0 = Release|Any CPU
		{4552E2AD-14F7-461F-AF68-5F4A6C59D4BB}.AppStore|x64.Deploy.0 = Release|Any CPU
		{4552E2AD-14F7-461F-AF68-5F4A6C59D4BB}.AppStore|x86.ActiveCfg = Release|Any CPU
		{4552E2AD-14F7-461F-AF68-5F4A6C59D4BB}.AppStore|x86.Build.0 = Release|Any CPU
		{4552E2AD-14F7-461F-AF68-5F4A6C59D4BB}.AppStore|x86.Deploy.0 = Release|Any CPU
		{4552E2AD-14F7-461F-AF68-5F4A6C59D4BB}.Debug|Any CPU.ActiveCfg = Debug|Any CPU
		{4552E2AD-14F7-461F-AF68-5F4A6C59D4BB}.Debug|Any CPU.Build.0 = Debug|Any CPU
		{4552E2AD-14F7-461F-AF68-5F4A6C59D4BB}.Debug|Any CPU.Deploy.0 = Debug|Any CPU
		{4552E2AD-14F7-461F-AF68-5F4A6C59D4BB}.Debug|ARM.ActiveCfg = Debug|Any CPU
		{4552E2AD-14F7-461F-AF68-5F4A6C59D4BB}.Debug|ARM.Build.0 = Debug|Any CPU
		{4552E2AD-14F7-461F-AF68-5F4A6C59D4BB}.Debug|ARM.Deploy.0 = Debug|Any CPU
		{4552E2AD-14F7-461F-AF68-5F4A6C59D4BB}.Debug|iPhone.ActiveCfg = Debug|Any CPU
		{4552E2AD-14F7-461F-AF68-5F4A6C59D4BB}.Debug|iPhone.Build.0 = Debug|Any CPU
		{4552E2AD-14F7-461F-AF68-5F4A6C59D4BB}.Debug|iPhone.Deploy.0 = Debug|Any CPU
		{4552E2AD-14F7-461F-AF68-5F4A6C59D4BB}.Debug|iPhoneSimulator.ActiveCfg = Debug|Any CPU
		{4552E2AD-14F7-461F-AF68-5F4A6C59D4BB}.Debug|iPhoneSimulator.Build.0 = Debug|Any CPU
		{4552E2AD-14F7-461F-AF68-5F4A6C59D4BB}.Debug|iPhoneSimulator.Deploy.0 = Debug|Any CPU
		{4552E2AD-14F7-461F-AF68-5F4A6C59D4BB}.Debug|x64.ActiveCfg = Debug|Any CPU
		{4552E2AD-14F7-461F-AF68-5F4A6C59D4BB}.Debug|x64.Build.0 = Debug|Any CPU
		{4552E2AD-14F7-461F-AF68-5F4A6C59D4BB}.Debug|x64.Deploy.0 = Debug|Any CPU
		{4552E2AD-14F7-461F-AF68-5F4A6C59D4BB}.Debug|x86.ActiveCfg = Debug|Any CPU
		{4552E2AD-14F7-461F-AF68-5F4A6C59D4BB}.Debug|x86.Build.0 = Debug|Any CPU
		{4552E2AD-14F7-461F-AF68-5F4A6C59D4BB}.Debug|x86.Deploy.0 = Debug|Any CPU
		{4552E2AD-14F7-461F-AF68-5F4A6C59D4BB}.Release|Any CPU.ActiveCfg = Release|Any CPU
		{4552E2AD-14F7-461F-AF68-5F4A6C59D4BB}.Release|Any CPU.Build.0 = Release|Any CPU
		{4552E2AD-14F7-461F-AF68-5F4A6C59D4BB}.Release|Any CPU.Deploy.0 = Release|Any CPU
		{4552E2AD-14F7-461F-AF68-5F4A6C59D4BB}.Release|ARM.ActiveCfg = Release|Any CPU
		{4552E2AD-14F7-461F-AF68-5F4A6C59D4BB}.Release|ARM.Build.0 = Release|Any CPU
		{4552E2AD-14F7-461F-AF68-5F4A6C59D4BB}.Release|ARM.Deploy.0 = Release|Any CPU
		{4552E2AD-14F7-461F-AF68-5F4A6C59D4BB}.Release|iPhone.ActiveCfg = Release|Any CPU
		{4552E2AD-14F7-461F-AF68-5F4A6C59D4BB}.Release|iPhone.Build.0 = Release|Any CPU
		{4552E2AD-14F7-461F-AF68-5F4A6C59D4BB}.Release|iPhone.Deploy.0 = Release|Any CPU
		{4552E2AD-14F7-461F-AF68-5F4A6C59D4BB}.Release|iPhoneSimulator.ActiveCfg = Release|Any CPU
		{4552E2AD-14F7-461F-AF68-5F4A6C59D4BB}.Release|iPhoneSimulator.Build.0 = Release|Any CPU
		{4552E2AD-14F7-461F-AF68-5F4A6C59D4BB}.Release|iPhoneSimulator.Deploy.0 = Release|Any CPU
		{4552E2AD-14F7-461F-AF68-5F4A6C59D4BB}.Release|x64.ActiveCfg = Release|Any CPU
		{4552E2AD-14F7-461F-AF68-5F4A6C59D4BB}.Release|x64.Build.0 = Release|Any CPU
		{4552E2AD-14F7-461F-AF68-5F4A6C59D4BB}.Release|x64.Deploy.0 = Release|Any CPU
		{4552E2AD-14F7-461F-AF68-5F4A6C59D4BB}.Release|x86.ActiveCfg = Release|Any CPU
		{4552E2AD-14F7-461F-AF68-5F4A6C59D4BB}.Release|x86.Build.0 = Release|Any CPU
		{4552E2AD-14F7-461F-AF68-5F4A6C59D4BB}.Release|x86.Deploy.0 = Release|Any CPU
		{3FB659F1-EE70-4412-843D-02196673E145}.Ad-Hoc|Any CPU.ActiveCfg = Ad-Hoc|iPhone
		{3FB659F1-EE70-4412-843D-02196673E145}.Ad-Hoc|ARM.ActiveCfg = Ad-Hoc|iPhone
		{3FB659F1-EE70-4412-843D-02196673E145}.Ad-Hoc|iPhone.ActiveCfg = Ad-Hoc|iPhone
		{3FB659F1-EE70-4412-843D-02196673E145}.Ad-Hoc|iPhone.Build.0 = Ad-Hoc|iPhone
		{3FB659F1-EE70-4412-843D-02196673E145}.Ad-Hoc|iPhoneSimulator.ActiveCfg = Ad-Hoc|iPhoneSimulator
		{3FB659F1-EE70-4412-843D-02196673E145}.Ad-Hoc|iPhoneSimulator.Build.0 = Ad-Hoc|iPhoneSimulator
		{3FB659F1-EE70-4412-843D-02196673E145}.Ad-Hoc|x64.ActiveCfg = Ad-Hoc|iPhone
		{3FB659F1-EE70-4412-843D-02196673E145}.Ad-Hoc|x86.ActiveCfg = Ad-Hoc|iPhone
		{3FB659F1-EE70-4412-843D-02196673E145}.AppStore|Any CPU.ActiveCfg = AppStore|iPhone
		{3FB659F1-EE70-4412-843D-02196673E145}.AppStore|ARM.ActiveCfg = AppStore|iPhone
		{3FB659F1-EE70-4412-843D-02196673E145}.AppStore|iPhone.ActiveCfg = AppStore|iPhone
		{3FB659F1-EE70-4412-843D-02196673E145}.AppStore|iPhone.Build.0 = AppStore|iPhone
		{3FB659F1-EE70-4412-843D-02196673E145}.AppStore|iPhoneSimulator.ActiveCfg = AppStore|iPhoneSimulator
		{3FB659F1-EE70-4412-843D-02196673E145}.AppStore|iPhoneSimulator.Build.0 = AppStore|iPhoneSimulator
		{3FB659F1-EE70-4412-843D-02196673E145}.AppStore|x64.ActiveCfg = AppStore|iPhone
		{3FB659F1-EE70-4412-843D-02196673E145}.AppStore|x86.ActiveCfg = AppStore|iPhone
		{3FB659F1-EE70-4412-843D-02196673E145}.Debug|Any CPU.ActiveCfg = Debug|iPhone
		{3FB659F1-EE70-4412-843D-02196673E145}.Debug|ARM.ActiveCfg = Debug|iPhone
		{3FB659F1-EE70-4412-843D-02196673E145}.Debug|iPhone.ActiveCfg = Debug|iPhone
		{3FB659F1-EE70-4412-843D-02196673E145}.Debug|iPhone.Build.0 = Debug|iPhone
		{3FB659F1-EE70-4412-843D-02196673E145}.Debug|iPhoneSimulator.ActiveCfg = Debug|iPhoneSimulator
		{3FB659F1-EE70-4412-843D-02196673E145}.Debug|iPhoneSimulator.Build.0 = Debug|iPhoneSimulator
		{3FB659F1-EE70-4412-843D-02196673E145}.Debug|x64.ActiveCfg = Debug|iPhone
		{3FB659F1-EE70-4412-843D-02196673E145}.Debug|x86.ActiveCfg = Debug|iPhone
		{3FB659F1-EE70-4412-843D-02196673E145}.Release|Any CPU.ActiveCfg = Release|iPhone
		{3FB659F1-EE70-4412-843D-02196673E145}.Release|ARM.ActiveCfg = Release|iPhone
		{3FB659F1-EE70-4412-843D-02196673E145}.Release|iPhone.ActiveCfg = Release|iPhone
		{3FB659F1-EE70-4412-843D-02196673E145}.Release|iPhone.Build.0 = Release|iPhone
		{3FB659F1-EE70-4412-843D-02196673E145}.Release|iPhoneSimulator.ActiveCfg = Release|iPhoneSimulator
		{3FB659F1-EE70-4412-843D-02196673E145}.Release|iPhoneSimulator.Build.0 = Release|iPhoneSimulator
		{3FB659F1-EE70-4412-843D-02196673E145}.Release|x64.ActiveCfg = Release|iPhone
		{3FB659F1-EE70-4412-843D-02196673E145}.Release|x86.ActiveCfg = Release|iPhone
		{3A3D48FD-1F09-409F-82D5-D9431C174166}.Ad-Hoc|Any CPU.ActiveCfg = Release|x86
		{3A3D48FD-1F09-409F-82D5-D9431C174166}.Ad-Hoc|Any CPU.Build.0 = Release|x86
		{3A3D48FD-1F09-409F-82D5-D9431C174166}.Ad-Hoc|Any CPU.Deploy.0 = Release|x86
		{3A3D48FD-1F09-409F-82D5-D9431C174166}.Ad-Hoc|ARM.ActiveCfg = Release|ARM
		{3A3D48FD-1F09-409F-82D5-D9431C174166}.Ad-Hoc|ARM.Build.0 = Release|ARM
		{3A3D48FD-1F09-409F-82D5-D9431C174166}.Ad-Hoc|ARM.Deploy.0 = Release|ARM
		{3A3D48FD-1F09-409F-82D5-D9431C174166}.Ad-Hoc|iPhone.ActiveCfg = Release|x86
		{3A3D48FD-1F09-409F-82D5-D9431C174166}.Ad-Hoc|iPhone.Build.0 = Release|x86
		{3A3D48FD-1F09-409F-82D5-D9431C174166}.Ad-Hoc|iPhone.Deploy.0 = Release|x86
		{3A3D48FD-1F09-409F-82D5-D9431C174166}.Ad-Hoc|iPhoneSimulator.ActiveCfg = Release|x86
		{3A3D48FD-1F09-409F-82D5-D9431C174166}.Ad-Hoc|iPhoneSimulator.Build.0 = Release|x86
		{3A3D48FD-1F09-409F-82D5-D9431C174166}.Ad-Hoc|iPhoneSimulator.Deploy.0 = Release|x86
		{3A3D48FD-1F09-409F-82D5-D9431C174166}.Ad-Hoc|x64.ActiveCfg = Release|x64
		{3A3D48FD-1F09-409F-82D5-D9431C174166}.Ad-Hoc|x64.Build.0 = Release|x64
		{3A3D48FD-1F09-409F-82D5-D9431C174166}.Ad-Hoc|x64.Deploy.0 = Release|x64
		{3A3D48FD-1F09-409F-82D5-D9431C174166}.Ad-Hoc|x86.ActiveCfg = Release|x86
		{3A3D48FD-1F09-409F-82D5-D9431C174166}.Ad-Hoc|x86.Build.0 = Release|x86
		{3A3D48FD-1F09-409F-82D5-D9431C174166}.Ad-Hoc|x86.Deploy.0 = Release|x86
		{3A3D48FD-1F09-409F-82D5-D9431C174166}.AppStore|Any CPU.ActiveCfg = Release|x86
		{3A3D48FD-1F09-409F-82D5-D9431C174166}.AppStore|Any CPU.Build.0 = Release|x86
		{3A3D48FD-1F09-409F-82D5-D9431C174166}.AppStore|Any CPU.Deploy.0 = Release|x86
		{3A3D48FD-1F09-409F-82D5-D9431C174166}.AppStore|ARM.ActiveCfg = Release|ARM
		{3A3D48FD-1F09-409F-82D5-D9431C174166}.AppStore|ARM.Build.0 = Release|ARM
		{3A3D48FD-1F09-409F-82D5-D9431C174166}.AppStore|ARM.Deploy.0 = Release|ARM
		{3A3D48FD-1F09-409F-82D5-D9431C174166}.AppStore|iPhone.ActiveCfg = Release|x86
		{3A3D48FD-1F09-409F-82D5-D9431C174166}.AppStore|iPhone.Build.0 = Release|x86
		{3A3D48FD-1F09-409F-82D5-D9431C174166}.AppStore|iPhone.Deploy.0 = Release|x86
		{3A3D48FD-1F09-409F-82D5-D9431C174166}.AppStore|iPhoneSimulator.ActiveCfg = Release|x86
		{3A3D48FD-1F09-409F-82D5-D9431C174166}.AppStore|iPhoneSimulator.Build.0 = Release|x86
		{3A3D48FD-1F09-409F-82D5-D9431C174166}.AppStore|iPhoneSimulator.Deploy.0 = Release|x86
		{3A3D48FD-1F09-409F-82D5-D9431C174166}.AppStore|x64.ActiveCfg = Release|x64
		{3A3D48FD-1F09-409F-82D5-D9431C174166}.AppStore|x64.Build.0 = Release|x64
		{3A3D48FD-1F09-409F-82D5-D9431C174166}.AppStore|x64.Deploy.0 = Release|x64
		{3A3D48FD-1F09-409F-82D5-D9431C174166}.AppStore|x86.ActiveCfg = Release|x86
		{3A3D48FD-1F09-409F-82D5-D9431C174166}.AppStore|x86.Build.0 = Release|x86
		{3A3D48FD-1F09-409F-82D5-D9431C174166}.AppStore|x86.Deploy.0 = Release|x86
		{3A3D48FD-1F09-409F-82D5-D9431C174166}.Debug|Any CPU.ActiveCfg = Debug|x86
		{3A3D48FD-1F09-409F-82D5-D9431C174166}.Debug|Any CPU.Build.0 = Debug|x86
		{3A3D48FD-1F09-409F-82D5-D9431C174166}.Debug|Any CPU.Deploy.0 = Debug|x86
		{3A3D48FD-1F09-409F-82D5-D9431C174166}.Debug|ARM.ActiveCfg = Debug|ARM
		{3A3D48FD-1F09-409F-82D5-D9431C174166}.Debug|ARM.Build.0 = Debug|ARM
		{3A3D48FD-1F09-409F-82D5-D9431C174166}.Debug|ARM.Deploy.0 = Debug|ARM
		{3A3D48FD-1F09-409F-82D5-D9431C174166}.Debug|iPhone.ActiveCfg = Debug|x86
		{3A3D48FD-1F09-409F-82D5-D9431C174166}.Debug|iPhoneSimulator.ActiveCfg = Debug|x86
		{3A3D48FD-1F09-409F-82D5-D9431C174166}.Debug|x64.ActiveCfg = Debug|x64
		{3A3D48FD-1F09-409F-82D5-D9431C174166}.Debug|x64.Build.0 = Debug|x64
		{3A3D48FD-1F09-409F-82D5-D9431C174166}.Debug|x64.Deploy.0 = Debug|x64
		{3A3D48FD-1F09-409F-82D5-D9431C174166}.Debug|x86.ActiveCfg = Debug|x86
		{3A3D48FD-1F09-409F-82D5-D9431C174166}.Debug|x86.Build.0 = Debug|x86
		{3A3D48FD-1F09-409F-82D5-D9431C174166}.Debug|x86.Deploy.0 = Debug|x86
		{3A3D48FD-1F09-409F-82D5-D9431C174166}.Release|Any CPU.ActiveCfg = Release|x86
		{3A3D48FD-1F09-409F-82D5-D9431C174166}.Release|ARM.ActiveCfg = Release|ARM
		{3A3D48FD-1F09-409F-82D5-D9431C174166}.Release|ARM.Build.0 = Release|ARM
		{3A3D48FD-1F09-409F-82D5-D9431C174166}.Release|ARM.Deploy.0 = Release|ARM
		{3A3D48FD-1F09-409F-82D5-D9431C174166}.Release|iPhone.ActiveCfg = Release|x86
		{3A3D48FD-1F09-409F-82D5-D9431C174166}.Release|iPhoneSimulator.ActiveCfg = Release|x86
		{3A3D48FD-1F09-409F-82D5-D9431C174166}.Release|x64.ActiveCfg = Release|x64
		{3A3D48FD-1F09-409F-82D5-D9431C174166}.Release|x64.Build.0 = Release|x64
		{3A3D48FD-1F09-409F-82D5-D9431C174166}.Release|x64.Deploy.0 = Release|x64
		{3A3D48FD-1F09-409F-82D5-D9431C174166}.Release|x86.ActiveCfg = Release|x86
		{3A3D48FD-1F09-409F-82D5-D9431C174166}.Release|x86.Build.0 = Release|x86
		{3A3D48FD-1F09-409F-82D5-D9431C174166}.Release|x86.Deploy.0 = Release|x86
	EndGlobalSection
	GlobalSection(SolutionProperties) = preSolution
		HideSolutionNode = FALSE
	EndGlobalSection
EndGlobal
